
Microsoft Visual Studio Solution File, Format Version 12.00
# Visual Studio Version 16
VisualStudioVersion = 16.0.31112.23
MinimumVisualStudioVersion = 10.0.40219.1
Project("{FAE04EC0-301F-11D3-BF4B-00C04F79EFBC}") = "WindowsFormsApp12", "WindowsFormsApp12\WindowsFormsApp12.csproj", "{20B39F6E-83E6-48BF-B552-C73CE959B44A}"
EndProject
Global
	GlobalSection(SolutionConfigurationPlatforms) = preSolution
		Debug|Any CPU = Debug|Any CPU
		Release|Any CPU = Release|Any CPU
	EndGlobalSection
	GlobalSection(ProjectConfigurationPlatforms) = postSolution
		{20B39F6E-83E6-48BF-B552-C73CE959B44A}.Debug|Any CPU.ActiveCfg = Debug|Any CPU
		{20B39F6E-83E6-48BF-B552-C73CE959B44A}.Debug|Any CPU.Build.0 = Debug|Any CPU
		{20B39F6E-83E6-48BF-B552-C73CE959B44A}.Release|Any CPU.ActiveCfg = Release|Any CPU
		{20B39F6E-83E6-48BF-B552-C73CE959B44A}.Release|Any CPU.Build.0 = Release|Any CPU
	EndGlobalSection
	GlobalSection(SolutionProperties) = preSolution
		HideSolutionNode = FALSE
	EndGlobalSection
	GlobalSection(ExtensibilityGlobals) = postSolution
		SolutionGuid = {239813EF-3722-4745-9148-12AECA2DE679}
	EndGlobalSection
EndGlobal
